
Microsoft Visual Studio Solution File, Format Version 12.00
# Visual Studio 15
VisualStudioVersion = 15.0.28010.2050
MinimumVisualStudioVersion = 10.0.40219.1
Project("{FAE04EC0-301F-11D3-BF4B-00C04F79EFBC}") = "CookItWebApi", "CookItWebApi\CookItWebApi.csproj", "{1FE1E947-045B-4986-9E3F-FD1DADEF1BAB}"
EndProject
Global
	GlobalSection(SolutionConfigurationPlatforms) = preSolution
		Debug|Any CPU = Debug|Any CPU
		Release|Any CPU = Release|Any CPU
	EndGlobalSection
	GlobalSection(ProjectConfigurationPlatforms) = postSolution
		{1FE1E947-045B-4986-9E3F-FD1DADEF1BAB}.Debug|Any CPU.ActiveCfg = Debug|Any CPU
		{1FE1E947-045B-4986-9E3F-FD1DADEF1BAB}.Debug|Any CPU.Build.0 = Debug|Any CPU
		{1FE1E947-045B-4986-9E3F-FD1DADEF1BAB}.Release|Any CPU.ActiveCfg = Release|Any CPU
		{1FE1E947-045B-4986-9E3F-FD1DADEF1BAB}.Release|Any CPU.Build.0 = Release|Any CPU
	EndGlobalSection
	GlobalSection(SolutionProperties) = preSolution
		HideSolutionNode = FALSE
	EndGlobalSection
	GlobalSection(ExtensibilityGlobals) = postSolution
		SolutionGuid = {A9045B9D-6D0A-4EB1-8E6F-271B8D74DFF7}
	EndGlobalSection
EndGlobal
